
Microsoft Visual Studio Solution File, Format Version 12.00
# Visual Studio 15
Project("{FAE04EC0-301F-11D3-BF4B-00C04F79EFBC}") = "Handout1", "Assembly-CSharp.csproj", "{B889EC97-18FA-3645-1606-C478E30CD52E}"
EndProject
Global
	GlobalSection(SolutionConfigurationPlatforms) = preSolution
		Debug|Any CPU = Debug|Any CPU
		Release|Any CPU = Release|Any CPU
	EndGlobalSection
	GlobalSection(ProjectConfigurationPlatforms) = postSolution
		{B889EC97-18FA-3645-1606-C478E30CD52E}.Debug|Any CPU.ActiveCfg = Debug|Any CPU
		{B889EC97-18FA-3645-1606-C478E30CD52E}.Debug|Any CPU.Build.0 = Debug|Any CPU
		{B889EC97-18FA-3645-1606-C478E30CD52E}.Release|Any CPU.ActiveCfg = Release|Any CPU
		{B889EC97-18FA-3645-1606-C478E30CD52E}.Release|Any CPU.Build.0 = Release|Any CPU
	EndGlobalSection
	GlobalSection(SolutionProperties) = preSolution
		HideSolutionNode = FALSE
	EndGlobalSection
EndGlobal
